{
  "name": "Pokemon Star",
  "version": "3.3.1",
  "lockfileVersion": 2,
  "requires": true,
  "packages": {
    "": {
      "name": "Pokemon Star",
      "version": "3.3.1",
      "dependencies": {
        "lodash-es": "^4.17.21",
        "rpg-ultimate": "github:alpiak/rpg-ultimate#feat/map"
      }
    },
    "node_modules/lodash-es": {
      "version": "4.17.21",
      "resolved": "https://registry.npmjs.org/lodash-es/-/lodash-es-4.17.21.tgz",
      "integrity": "sha512-mKnC+QJ9pWVzv+C4/U3rRsHapFfHvQFoFB92e52xeyGMcX6/OlIl78je1u8vePzYZSkkogMPJ2yjxxsb89cxyw=="
    },
    "node_modules/rpg-ultimate": {
      "version": "1.0.0",
      "resolved": "git+ssh://git@github.com/alpiak/rpg-ultimate.git#3e3e49b80aade8b3c9c843847813371308f92aa9",
      "license": "ISC",
      "dependencies": {
        "tmx-tiledmap": "^1.2.1"
      }
    },
    "node_modules/sax": {
      "version": "1.2.4",
      "resolved": "https://registry.npmjs.org/sax/-/sax-1.2.4.tgz",
      "integrity": "sha512-NqVDv9TpANUjFm0N8uM5GxL36UgKi9/atZw+x7YFnQ8ckwFGKrl4xX4yWtrey3UJm5nP1kUbnYgLopqWNSRhWw=="
    },
    "node_modules/tmx-tiledmap": {
      "version": "1.2.1",
      "resolved": "https://registry.npmjs.org/tmx-tiledmap/-/tmx-tiledmap-1.2.1.tgz",
      "integrity": "sha512-L1J0IAw9J/atBrk4FL2hJhcgqa61d07E33oFhe4kbOQ5ggRruam0HYo6tTacgdZB0vk4tCja6diMKbDeWtEHQg==",
      "dependencies": {
        "xml2js": "^0.4.22",
        "zlib": "^1.0.5"
      },
      "engines": {
        "node": ">=10.21.0"
      }
    },
    "node_modules/xml2js": {
      "version": "0.4.23",
      "resolved": "https://registry.npmjs.org/xml2js/-/xml2js-0.4.23.tgz",
      "integrity": "sha512-ySPiMjM0+pLDftHgXY4By0uswI3SPKLDw/i3UXbnO8M/p28zqexCUoPmQFrYD+/1BzhGJSs2i1ERWKJAtiLrug==",
      "dependencies": {
        "sax": ">=0.6.0",
        "xmlbuilder": "~11.0.0"
      },
      "engines": {
        "node": ">=4.0.0"
      }
    },
    "node_modules/xmlbuilder": {
      "version": "11.0.1",
      "resolved": "https://registry.npmjs.org/xmlbuilder/-/xmlbuilder-11.0.1.tgz",
      "integrity": "sha512-fDlsI/kFEx7gLvbecc0/ohLG50fugQp8ryHzMTuW9vSa1GJ0XYWKnhsUx7oie3G98+r56aTQIUB4kht42R3JvA==",
      "engines": {
        "node": ">=4.0"
      }
    },
    "node_modules/zlib": {
      "version": "1.0.5",
      "resolved": "https://registry.npmjs.org/zlib/-/zlib-1.0.5.tgz",
      "integrity": "sha1-bnyXL8NxxkWmr7A6sUdp3vEU/MA=",
      "hasInstallScript": true,
      "engines": {
        "node": ">=0.2.0"
      }
    }
  },
  "dependencies": {
    "lodash-es": {
      "version": "4.17.21",
      "resolved": "https://registry.npmjs.org/lodash-es/-/lodash-es-4.17.21.tgz",
      "integrity": "sha512-mKnC+QJ9pWVzv+C4/U3rRsHapFfHvQFoFB92e52xeyGMcX6/OlIl78je1u8vePzYZSkkogMPJ2yjxxsb89cxyw=="
    },
    "rpg-ultimate": {
      "version": "git+ssh://git@github.com/alpiak/rpg-ultimate.git#3e3e49b80aade8b3c9c843847813371308f92aa9",
      "from": "rpg-ultimate@git+https://github.com/alpiak/rpg-ultimate.git#feat/map",
      "requires": {
        "tmx-tiledmap": "^1.2.1"
      }
    },
    "sax": {
      "version": "1.2.4",
      "resolved": "https://registry.npmjs.org/sax/-/sax-1.2.4.tgz",
      "integrity": "sha512-NqVDv9TpANUjFm0N8uM5GxL36UgKi9/atZw+x7YFnQ8ckwFGKrl4xX4yWtrey3UJm5nP1kUbnYgLopqWNSRhWw=="
    },
    "tmx-tiledmap": {
      "version": "1.2.1",
      "resolved": "https://registry.npmjs.org/tmx-tiledmap/-/tmx-tiledmap-1.2.1.tgz",
      "integrity": "sha512-L1J0IAw9J/atBrk4FL2hJhcgqa61d07E33oFhe4kbOQ5ggRruam0HYo6tTacgdZB0vk4tCja6diMKbDeWtEHQg==",
      "requires": {
        "xml2js": "^0.4.22",
        "zlib": "^1.0.5"
      }
    },
    "xml2js": {
      "version": "0.4.23",
      "resolved": "https://registry.npmjs.org/xml2js/-/xml2js-0.4.23.tgz",
      "integrity": "sha512-ySPiMjM0+pLDftHgXY4By0uswI3SPKLDw/i3UXbnO8M/p28zqexCUoPmQFrYD+/1BzhGJSs2i1ERWKJAtiLrug==",
      "requires": {
        "sax": ">=0.6.0",
        "xmlbuilder": "~11.0.0"
      }
    },
    "xmlbuilder": {
      "version": "11.0.1",
      "resolved": "https://registry.npmjs.org/xmlbuilder/-/xmlbuilder-11.0.1.tgz",
      "integrity": "sha512-fDlsI/kFEx7gLvbecc0/ohLG50fugQp8ryHzMTuW9vSa1GJ0XYWKnhsUx7oie3G98+r56aTQIUB4kht42R3JvA=="
    },
    "zlib": {
      "version": "1.0.5",
      "resolved": "https://registry.npmjs.org/zlib/-/zlib-1.0.5.tgz",
      "integrity": "sha1-bnyXL8NxxkWmr7A6sUdp3vEU/MA="
    }
  }
}
